
Microsoft Visual Studio Solution File, Format Version 12.00
# Visual Studio Version 16
VisualStudioVersion = 16.0.30503.244
MinimumVisualStudioVersion = 10.0.40219.1
Project("{FAE04EC0-301F-11D3-BF4B-00C04F79EFBC}") = "Singleton", "DesignPattern\Singleton.csproj", "{E44750EF-8DA9-4B4F-AC34-0B9B0189FE8A}"
EndProject
Project("{FAE04EC0-301F-11D3-BF4B-00C04F79EFBC}") = "FactoryMethod", "FactoryMethod\FactoryMethod.csproj", "{8BE01052-E74F-43F0-B3A7-CFC5C9B07EC1}"
EndProject
Project("{FAE04EC0-301F-11D3-BF4B-00C04F79EFBC}") = "AbstractFactory", "AbstractFactory\AbstractFactory.csproj", "{7DA63350-5BA8-4979-8C54-13CE0365613B}"
EndProject
Global
	GlobalSection(SolutionConfigurationPlatforms) = preSolution
		Debug|Any CPU = Debug|Any CPU
		Release|Any CPU = Release|Any CPU
	EndGlobalSection
	GlobalSection(ProjectConfigurationPlatforms) = postSolution
		{E44750EF-8DA9-4B4F-AC34-0B9B0189FE8A}.Debug|Any CPU.ActiveCfg = Debug|Any CPU
		{E44750EF-8DA9-4B4F-AC34-0B9B0189FE8A}.Debug|Any CPU.Build.0 = Debug|Any CPU
		{E44750EF-8DA9-4B4F-AC34-0B9B0189FE8A}.Release|Any CPU.ActiveCfg = Release|Any CPU
		{E44750EF-8DA9-4B4F-AC34-0B9B0189FE8A}.Release|Any CPU.Build.0 = Release|Any CPU
		{8BE01052-E74F-43F0-B3A7-CFC5C9B07EC1}.Debug|Any CPU.ActiveCfg = Debug|Any CPU
		{8BE01052-E74F-43F0-B3A7-CFC5C9B07EC1}.Debug|Any CPU.Build.0 = Debug|Any CPU
		{8BE01052-E74F-43F0-B3A7-CFC5C9B07EC1}.Release|Any CPU.ActiveCfg = Release|Any CPU
		{8BE01052-E74F-43F0-B3A7-CFC5C9B07EC1}.Release|Any CPU.Build.0 = Release|Any CPU
		{7DA63350-5BA8-4979-8C54-13CE0365613B}.Debug|Any CPU.ActiveCfg = Debug|Any CPU
		{7DA63350-5BA8-4979-8C54-13CE0365613B}.Debug|Any CPU.Build.0 = Debug|Any CPU
		{7DA63350-5BA8-4979-8C54-13CE0365613B}.Release|Any CPU.ActiveCfg = Release|Any CPU
		{7DA63350-5BA8-4979-8C54-13CE0365613B}.Release|Any CPU.Build.0 = Release|Any CPU
	EndGlobalSection
	GlobalSection(SolutionProperties) = preSolution
		HideSolutionNode = FALSE
	EndGlobalSection
	GlobalSection(ExtensibilityGlobals) = postSolution
		SolutionGuid = {532574EA-8301-49BF-ABA1-B231624C502D}
	EndGlobalSection
EndGlobal
